
Microsoft Visual Studio Solution File, Format Version 12.00
Project("{FAE04EC0-301F-11D3-BF4B-00C04F79EFBC}") = "RabbitMq", "RabbitMq\RabbitMq.csproj", "{2618524B-968D-465C-BB59-1F639FE6BAA1}"
EndProject
Project("{FAE04EC0-301F-11D3-BF4B-00C04F79EFBC}") = "Utility", "Utility\Utility.csproj", "{3C3839B1-226A-444F-A535-FD478D78A52E}"
EndProject
Global
	GlobalSection(SolutionConfigurationPlatforms) = preSolution
		Debug|Any CPU = Debug|Any CPU
		Release|Any CPU = Release|Any CPU
	EndGlobalSection
	GlobalSection(ProjectConfigurationPlatforms) = postSolution
		{2618524B-968D-465C-BB59-1F639FE6BAA1}.Debug|Any CPU.ActiveCfg = Debug|Any CPU
		{2618524B-968D-465C-BB59-1F639FE6BAA1}.Debug|Any CPU.Build.0 = Debug|Any CPU
		{2618524B-968D-465C-BB59-1F639FE6BAA1}.Release|Any CPU.ActiveCfg = Release|Any CPU
		{2618524B-968D-465C-BB59-1F639FE6BAA1}.Release|Any CPU.Build.0 = Release|Any CPU
		{3C3839B1-226A-444F-A535-FD478D78A52E}.Debug|Any CPU.ActiveCfg = Debug|Any CPU
		{3C3839B1-226A-444F-A535-FD478D78A52E}.Debug|Any CPU.Build.0 = Debug|Any CPU
		{3C3839B1-226A-444F-A535-FD478D78A52E}.Release|Any CPU.ActiveCfg = Release|Any CPU
		{3C3839B1-226A-444F-A535-FD478D78A52E}.Release|Any CPU.Build.0 = Release|Any CPU
	EndGlobalSection
EndGlobal
